
Microsoft Visual Studio Solution File, Format Version 12.00
# Visual Studio Version 16
VisualStudioVersion = 16.0.29709.97
MinimumVisualStudioVersion = 10.0.40219.1
Project("{9A19103F-16F7-4668-BE54-9A1E7A4F7556}") = "TaskManager.Api", "TaskManager.Api\TaskManager.Api.csproj", "{3C01882F-44B7-4C6D-98DA-AFDFD186EE84}"
EndProject
Project("{9A19103F-16F7-4668-BE54-9A1E7A4F7556}") = "TaskManager.Shared.Common", "TaskManager.Shared.Common\TaskManager.Shared.Common.csproj", "{2BF5FE29-AB7D-47F8-916B-3298411166E1}"
EndProject
Project("{9A19103F-16F7-4668-BE54-9A1E7A4F7556}") = "TaskManager.Shared.DataAccess.Abstraction", "TaskManager.Shared.DataAccess.Abstraction\TaskManager.Shared.DataAccess.Abstraction.csproj", "{03558E4B-44DF-4BFC-A104-62C0B85EEB25}"
EndProject
Project("{9A19103F-16F7-4668-BE54-9A1E7A4F7556}") = "TaskManager.Shared.DataAccess.EF", "TaskManager.Shared.DataAccess.EF\TaskManager.Shared.DataAccess.EF.csproj", "{526ED3ED-1272-46BB-8ABA-77AEBA6563A6}"
EndProject
Project("{9A19103F-16F7-4668-BE54-9A1E7A4F7556}") = "TaskManager.BuisinessLogic.Abstraction", "TaskManager.BuisinessLogic.Abstraction\TaskManager.BuisinessLogic.Abstraction.csproj", "{7D5D6CEB-F56A-4251-8926-01097C9F583F}"
EndProject
Project("{9A19103F-16F7-4668-BE54-9A1E7A4F7556}") = "TaskManager.BuisinessLogic", "TaskManager.BuisinessLogic\TaskManager.BuisinessLogic.csproj", "{D396A88A-2F4D-47A1-B803-62B7094DF2C9}"
EndProject
Project("{9A19103F-16F7-4668-BE54-9A1E7A4F7556}") = "TaskManager.DataAccess.Abstraction", "TaskManager.DataAccess.Abstraction\TaskManager.DataAccess.Abstraction.csproj", "{497E37C6-7B43-48A8-9E91-671D8CB2460F}"
EndProject
Project("{9A19103F-16F7-4668-BE54-9A1E7A4F7556}") = "TaskManager.DataAccess.MsSql", "TaskManager.DataAccess.MsSql\TaskManager.DataAccess.MsSql.csproj", "{BA17E8EF-D045-4831-BE95-F94ECFB84760}"
EndProject
Global
	GlobalSection(SolutionConfigurationPlatforms) = preSolution
		Debug|Any CPU = Debug|Any CPU
		Release|Any CPU = Release|Any CPU
	EndGlobalSection
	GlobalSection(ProjectConfigurationPlatforms) = postSolution
		{3C01882F-44B7-4C6D-98DA-AFDFD186EE84}.Debug|Any CPU.ActiveCfg = Debug|Any CPU
		{3C01882F-44B7-4C6D-98DA-AFDFD186EE84}.Debug|Any CPU.Build.0 = Debug|Any CPU
		{3C01882F-44B7-4C6D-98DA-AFDFD186EE84}.Release|Any CPU.ActiveCfg = Release|Any CPU
		{3C01882F-44B7-4C6D-98DA-AFDFD186EE84}.Release|Any CPU.Build.0 = Release|Any CPU
		{2BF5FE29-AB7D-47F8-916B-3298411166E1}.Debug|Any CPU.ActiveCfg = Debug|Any CPU
		{2BF5FE29-AB7D-47F8-916B-3298411166E1}.Debug|Any CPU.Build.0 = Debug|Any CPU
		{2BF5FE29-AB7D-47F8-916B-3298411166E1}.Release|Any CPU.ActiveCfg = Release|Any CPU
		{2BF5FE29-AB7D-47F8-916B-3298411166E1}.Release|Any CPU.Build.0 = Release|Any CPU
		{03558E4B-44DF-4BFC-A104-62C0B85EEB25}.Debug|Any CPU.ActiveCfg = Debug|Any CPU
		{03558E4B-44DF-4BFC-A104-62C0B85EEB25}.Debug|Any CPU.Build.0 = Debug|Any CPU
		{03558E4B-44DF-4BFC-A104-62C0B85EEB25}.Release|Any CPU.ActiveCfg = Release|Any CPU
		{03558E4B-44DF-4BFC-A104-62C0B85EEB25}.Release|Any CPU.Build.0 = Release|Any CPU
		{526ED3ED-1272-46BB-8ABA-77AEBA6563A6}.Debug|Any CPU.ActiveCfg = Debug|Any CPU
		{526ED3ED-1272-46BB-8ABA-77AEBA6563A6}.Debug|Any CPU.Build.0 = Debug|Any CPU
		{526ED3ED-1272-46BB-8ABA-77AEBA6563A6}.Release|Any CPU.ActiveCfg = Release|Any CPU
		{526ED3ED-1272-46BB-8ABA-77AEBA6563A6}.Release|Any CPU.Build.0 = Release|Any CPU
		{7D5D6CEB-F56A-4251-8926-01097C9F583F}.Debug|Any CPU.ActiveCfg = Debug|Any CPU
		{7D5D6CEB-F56A-4251-8926-01097C9F583F}.Debug|Any CPU.Build.0 = Debug|Any CPU
		{7D5D6CEB-F56A-4251-8926-01097C9F583F}.Release|Any CPU.ActiveCfg = Release|Any CPU
		{7D5D6CEB-F56A-4251-8926-01097C9F583F}.Release|Any CPU.Build.0 = Release|Any CPU
		{D396A88A-2F4D-47A1-B803-62B7094DF2C9}.Debug|Any CPU.ActiveCfg = Debug|Any CPU
		{D396A88A-2F4D-47A1-B803-62B7094DF2C9}.Debug|Any CPU.Build.0 = Debug|Any CPU
		{D396A88A-2F4D-47A1-B803-62B7094DF2C9}.Release|Any CPU.ActiveCfg = Release|Any CPU
		{D396A88A-2F4D-47A1-B803-62B7094DF2C9}.Release|Any CPU.Build.0 = Release|Any CPU
		{497E37C6-7B43-48A8-9E91-671D8CB2460F}.Debug|Any CPU.ActiveCfg = Debug|Any CPU
		{497E37C6-7B43-48A8-9E91-671D8CB2460F}.Debug|Any CPU.Build.0 = Debug|Any CPU
		{497E37C6-7B43-48A8-9E91-671D8CB2460F}.Release|Any CPU.ActiveCfg = Release|Any CPU
		{497E37C6-7B43-48A8-9E91-671D8CB2460F}.Release|Any CPU.Build.0 = Release|Any CPU
		{BA17E8EF-D045-4831-BE95-F94ECFB84760}.Debug|Any CPU.ActiveCfg = Debug|Any CPU
		{BA17E8EF-D045-4831-BE95-F94ECFB84760}.Debug|Any CPU.Build.0 = Debug|Any CPU
		{BA17E8EF-D045-4831-BE95-F94ECFB84760}.Release|Any CPU.ActiveCfg = Release|Any CPU
		{BA17E8EF-D045-4831-BE95-F94ECFB84760}.Release|Any CPU.Build.0 = Release|Any CPU
	EndGlobalSection
	GlobalSection(SolutionProperties) = preSolution
		HideSolutionNode = FALSE
	EndGlobalSection
	GlobalSection(ExtensibilityGlobals) = postSolution
		SolutionGuid = {6D038B53-BC94-4565-A466-EB268DE22E30}
	EndGlobalSection
EndGlobal
